
Microsoft Visual Studio Solution File, Format Version 12.00
# Visual Studio Version 17
VisualStudioVersion = 17.5.33402.96
MinimumVisualStudioVersion = 10.0.40219.1
Project("{9A19103F-16F7-4668-BE54-9A1E7A4F7556}") = "BindablePropertyGenerator", "BindablePropertyGenerator\BindablePropertyGenerator.csproj", "{6FE7C78F-6222-498B-831E-45498B0452E0}"
EndProject
Project("{9A19103F-16F7-4668-BE54-9A1E7A4F7556}") = "BindablePropertyGenerator.UnitTests", "BindablePropertyGenerator.UnitTests\BindablePropertyGenerator.UnitTests.csproj", "{2D26A6B8-02C0-45B2-81E0-86B97156EA34}"
EndProject
Project("{9A19103F-16F7-4668-BE54-9A1E7A4F7556}") = "BindablePropertyAttributes", "BindablePropertyAttributes\BindablePropertyAttributes.csproj", "{6679C7B1-1A77-41F4-B2BE-CE1552F343C4}"
EndProject
Project("{9A19103F-16F7-4668-BE54-9A1E7A4F7556}") = "BindablePropertyAnalyzerAndCodeFix.UnitTests", "BindablePropertyAnalyzerAndCodeFix.UnitTests\BindablePropertyAnalyzerAndCodeFix.UnitTests.csproj", "{2C4FCAA0-61F7-447C-B07E-F0391DB200D2}"
EndProject
Project("{9A19103F-16F7-4668-BE54-9A1E7A4F7556}") = "BindablePropertyCodeFix", "BindablePropertyAnalyzerAndCodeFix\BindablePropertyCodeFix.csproj", "{8B70999F-54FB-49DB-B914-25218FCF00FA}"
EndProject
Project("{9A19103F-16F7-4668-BE54-9A1E7A4F7556}") = "BindablePropertyMauiTest", "BindablePropertyMauiTest\BindablePropertyMauiTest.csproj", "{FE6E50C0-5684-403E-ACFF-20BCB1A81EB6}"
EndProject
Global
	GlobalSection(SolutionConfigurationPlatforms) = preSolution
		Debug|Any CPU = Debug|Any CPU
		Release|Any CPU = Release|Any CPU
	EndGlobalSection
	GlobalSection(ProjectConfigurationPlatforms) = postSolution
		{6FE7C78F-6222-498B-831E-45498B0452E0}.Debug|Any CPU.ActiveCfg = Debug|Any CPU
		{6FE7C78F-6222-498B-831E-45498B0452E0}.Debug|Any CPU.Build.0 = Debug|Any CPU
		{6FE7C78F-6222-498B-831E-45498B0452E0}.Release|Any CPU.ActiveCfg = Release|Any CPU
		{6FE7C78F-6222-498B-831E-45498B0452E0}.Release|Any CPU.Build.0 = Release|Any CPU
		{2D26A6B8-02C0-45B2-81E0-86B97156EA34}.Debug|Any CPU.ActiveCfg = Debug|Any CPU
		{2D26A6B8-02C0-45B2-81E0-86B97156EA34}.Debug|Any CPU.Build.0 = Debug|Any CPU
		{2D26A6B8-02C0-45B2-81E0-86B97156EA34}.Release|Any CPU.ActiveCfg = Release|Any CPU
		{2D26A6B8-02C0-45B2-81E0-86B97156EA34}.Release|Any CPU.Build.0 = Release|Any CPU
		{6679C7B1-1A77-41F4-B2BE-CE1552F343C4}.Debug|Any CPU.ActiveCfg = Debug|Any CPU
		{6679C7B1-1A77-41F4-B2BE-CE1552F343C4}.Debug|Any CPU.Build.0 = Debug|Any CPU
		{6679C7B1-1A77-41F4-B2BE-CE1552F343C4}.Release|Any CPU.ActiveCfg = Release|Any CPU
		{6679C7B1-1A77-41F4-B2BE-CE1552F343C4}.Release|Any CPU.Build.0 = Release|Any CPU
		{2C4FCAA0-61F7-447C-B07E-F0391DB200D2}.Debug|Any CPU.ActiveCfg = Debug|Any CPU
		{2C4FCAA0-61F7-447C-B07E-F0391DB200D2}.Debug|Any CPU.Build.0 = Debug|Any CPU
		{2C4FCAA0-61F7-447C-B07E-F0391DB200D2}.Release|Any CPU.ActiveCfg = Release|Any CPU
		{2C4FCAA0-61F7-447C-B07E-F0391DB200D2}.Release|Any CPU.Build.0 = Release|Any CPU
		{8B70999F-54FB-49DB-B914-25218FCF00FA}.Debug|Any CPU.ActiveCfg = Debug|Any CPU
		{8B70999F-54FB-49DB-B914-25218FCF00FA}.Debug|Any CPU.Build.0 = Debug|Any CPU
		{8B70999F-54FB-49DB-B914-25218FCF00FA}.Release|Any CPU.ActiveCfg = Release|Any CPU
		{8B70999F-54FB-49DB-B914-25218FCF00FA}.Release|Any CPU.Build.0 = Release|Any CPU
		{FE6E50C0-5684-403E-ACFF-20BCB1A81EB6}.Debug|Any CPU.ActiveCfg = Debug|Any CPU
		{FE6E50C0-5684-403E-ACFF-20BCB1A81EB6}.Debug|Any CPU.Build.0 = Debug|Any CPU
		{FE6E50C0-5684-403E-ACFF-20BCB1A81EB6}.Debug|Any CPU.Deploy.0 = Debug|Any CPU
		{FE6E50C0-5684-403E-ACFF-20BCB1A81EB6}.Release|Any CPU.ActiveCfg = Release|Any CPU
		{FE6E50C0-5684-403E-ACFF-20BCB1A81EB6}.Release|Any CPU.Build.0 = Release|Any CPU
		{FE6E50C0-5684-403E-ACFF-20BCB1A81EB6}.Release|Any CPU.Deploy.0 = Release|Any CPU
	EndGlobalSection
	GlobalSection(SolutionProperties) = preSolution
		HideSolutionNode = FALSE
	EndGlobalSection
	GlobalSection(ExtensibilityGlobals) = postSolution
		SolutionGuid = {A9A57E2F-80BF-4032-B975-DA2ABF376BCB}
	EndGlobalSection
EndGlobal
